
Microsoft Visual Studio Solution File, Format Version 12.00
# Visual Studio Version 16
VisualStudioVersion = 16.0.31729.503
MinimumVisualStudioVersion = 10.0.40219.1
Project("{8BC9CEB8-8B4A-11D0-8D11-00A0C91BC942}") = "MAS 4. LABOS", "MAS 4. LABOS\MAS 4. LABOS.vcxproj", "{C7ACEA08-F528-47C6-8BB3-FF949DB871FB}"
EndProject
Global
	GlobalSection(SolutionConfigurationPlatforms) = preSolution
		Debug|x64 = Debug|x64
		Debug|x86 = Debug|x86
		Release|x64 = Release|x64
		Release|x86 = Release|x86
	EndGlobalSection
	GlobalSection(ProjectConfigurationPlatforms) = postSolution
		{C7ACEA08-F528-47C6-8BB3-FF949DB871FB}.Debug|x64.ActiveCfg = Debug|x64
		{C7ACEA08-F528-47C6-8BB3-FF949DB871FB}.Debug|x64.Build.0 = Debug|x64
		{C7ACEA08-F528-47C6-8BB3-FF949DB871FB}.Debug|x86.ActiveCfg = Debug|Win32
		{C7ACEA08-F528-47C6-8BB3-FF949DB871FB}.Debug|x86.Build.0 = Debug|Win32
		{C7ACEA08-F528-47C6-8BB3-FF949DB871FB}.Release|x64.ActiveCfg = Release|x64
		{C7ACEA08-F528-47C6-8BB3-FF949DB871FB}.Release|x64.Build.0 = Release|x64
		{C7ACEA08-F528-47C6-8BB3-FF949DB871FB}.Release|x86.ActiveCfg = Release|Win32
		{C7ACEA08-F528-47C6-8BB3-FF949DB871FB}.Release|x86.Build.0 = Release|Win32
	EndGlobalSection
	GlobalSection(SolutionProperties) = preSolution
		HideSolutionNode = FALSE
	EndGlobalSection
	GlobalSection(ExtensibilityGlobals) = postSolution
		SolutionGuid = {39565C5B-2F50-46A0-B364-3F376E33ED31}
	EndGlobalSection
EndGlobal
